# THIS IS AN AUTOGENERATED FILE. DO NOT EDIT THIS FILE DIRECTLY.
# yarn lockfile v1


"@exo-tech-xyz/errors@0.21.5":
  version "0.21.5"
  resolved "https://registry.yarnpkg.com/@exo-tech-xyz/errors/-/errors-0.21.5.tgz#3826b7d33cf6fcd48669acb0af19982ca94bd169"
  integrity sha512-rVjv0RG13Kt68OaEJvRHIY+CeyM/GWMtBaF97jZla3YKWoFEiKFaNXcvykWxFckVaMb0AlSZU2X0DIxjwqKrAQ==
  dependencies:
    "@exo-tech-xyz/node-types" "0.21.5"
    chalk "^5.3.0"
    commander "^12.1.0"

"@exo-tech-xyz/node-types@0.21.5":
  version "0.21.5"
  resolved "https://registry.yarnpkg.com/@exo-tech-xyz/node-types/-/node-types-0.21.5.tgz#29d0696fcc7f8341786b952f5dfbae0dec275724"
  integrity sha512-3XfCZDB/AxiPmGdEQdaXoCe6EC0l5ItPzLGFKDCwPlfA6QBFtfY1w6CgR4kFFMtbnvWPCG1AmMxn0XsP+7BYJA==

"@exo-tech-xyz/nodes-from-anchor@0.21.3":
  version "0.21.3"
  resolved "https://registry.yarnpkg.com/@exo-tech-xyz/nodes-from-anchor/-/nodes-from-anchor-0.21.3.tgz#bdda603707937568361a4ad7fa5141f4591726ed"
  integrity sha512-JE7ZCEaNTa54BJxvnw24ELFykWgGTwnZFz4HgKFlCKXLA/MIxjk9GbwWz73m7W0YFC/NjpDopSmS+9Xh6/nyog==
  dependencies:
    "@exo-tech-xyz/errors" "0.21.5"
    "@exo-tech-xyz/nodes" "0.21.5"
    "@exo-tech-xyz/visitors" "0.21.5"
    "@noble/hashes" "^1.5.0"

"@exo-tech-xyz/nodes@0.21.5":
  version "0.21.5"
  resolved "https://registry.yarnpkg.com/@exo-tech-xyz/nodes/-/nodes-0.21.5.tgz#df32b9b27c55f442fb1ec6f0752ac4f7230d0f18"
  integrity sha512-d4QuBoLAE5lBueJ0Y1vyY10vrBqlDl4YdIzcQIvb4AKqhN//Aa0VCtvNKHVBa2Tzx3QSfdJek39h5xpxmUXQ3A==
  dependencies:
    "@exo-tech-xyz/errors" "0.21.5"
    "@exo-tech-xyz/node-types" "0.21.5"

"@exo-tech-xyz/renderers-core@0.21.3":
  version "0.21.3"
  resolved "https://registry.yarnpkg.com/@exo-tech-xyz/renderers-core/-/renderers-core-0.21.3.tgz#7e95e9448426bc57281febbcd311b8699981b4b5"
  integrity sha512-r1f7fs13fAcajMpr/Y471WxEd4B2aFchinQi1I3qdzLJ4xh0haWrXlVf18VOHotMFKhU7sqIOiaBcHh6qIWAPg==
  dependencies:
    "@exo-tech-xyz/errors" "0.21.5"
    "@exo-tech-xyz/nodes" "0.21.5"
    "@exo-tech-xyz/visitors-core" "0.21.5"

"@exo-tech-xyz/renderers-js-umi@0.21.7":
  version "0.21.7"
  resolved "https://registry.yarnpkg.com/@exo-tech-xyz/renderers-js-umi/-/renderers-js-umi-0.21.7.tgz#d81ca2695b3ade7c2ad6c91bd791ed205a91a52b"
  integrity sha512-TeLZNeQb0MFQWXcJ6sqXcaH+LxluxF55nyDw2TVktIJPko0SHbAO7EWCwclfI3SJ7sddDI7BZ5eibp8evVnGdA==
  dependencies:
    "@exo-tech-xyz/errors" "0.21.5"
    "@exo-tech-xyz/nodes" "0.21.5"
    "@exo-tech-xyz/renderers-core" "0.21.3"
    "@exo-tech-xyz/validators" "0.21.5"
    "@exo-tech-xyz/visitors-core" "0.21.5"
    "@solana/codecs-strings" rc
    nunjucks "^3.2.4"
    prettier "^3.3.3"

"@exo-tech-xyz/renderers-js@0.21.9":
  version "0.21.9"
  resolved "https://registry.yarnpkg.com/@exo-tech-xyz/renderers-js/-/renderers-js-0.21.9.tgz#2af456a0798c1229068871938077a5f92214c48b"
  integrity sha512-ijMbc/7jMmqE4VoGML91jnCTVSV6qpmiJxyE9I5A6wU3H5A4Ct8mAGXI8H0SHUylxRkFjt46aVl6U8AFWyCK0Q==
  dependencies:
    "@exo-tech-xyz/errors" "0.21.5"
    "@exo-tech-xyz/nodes" "0.21.5"
    "@exo-tech-xyz/nodes-from-anchor" "0.21.3"
    "@exo-tech-xyz/renderers-core" "0.21.3"
    "@exo-tech-xyz/visitors-core" "0.21.5"
    "@solana/codecs-strings" rc
    nunjucks "^3.2.4"
    prettier "^3.3.3"

"@exo-tech-xyz/renderers-rust@0.21.8":
  version "0.21.8"
  resolved "https://registry.yarnpkg.com/@exo-tech-xyz/renderers-rust/-/renderers-rust-0.21.8.tgz#b182e2af8b744fdb2e24cc55d611a604da30aecd"
  integrity sha512-zFn/n+ZdFyLiF09XefFO3nj25BFe/iYuqDetQiEoYnoXR2egzfCSolXPUrj4Mx0T+9A2TbzOCqgj7rFuemzK9w==
  dependencies:
    "@exo-tech-xyz/errors" "0.21.5"
    "@exo-tech-xyz/nodes" "0.21.5"
    "@exo-tech-xyz/renderers-core" "0.21.3"
    "@exo-tech-xyz/visitors-core" "0.21.5"
    "@solana/codecs-strings" rc
    nunjucks "^3.2.4"

"@exo-tech-xyz/renderers@0.21.4":
  version "0.21.4"
  resolved "https://registry.yarnpkg.com/@exo-tech-xyz/renderers/-/renderers-0.21.4.tgz#ba0078b1ab3b3abcd4661b342e8b8ce440462569"
  integrity sha512-vKPDRDGzgTWrFz/esNecIMS5f3K0ebRJOUvlz2u9yl+pp8+3MHtlkk2og6mlSaBt+iE5C7ql0G3yoCnDFPr5BQ==
  dependencies:
    "@exo-tech-xyz/renderers-js" "0.21.9"
    "@exo-tech-xyz/renderers-js-umi" "0.21.7"
    "@exo-tech-xyz/renderers-rust" "0.21.8"

"@exo-tech-xyz/validators@0.21.5":
  version "0.21.5"
  resolved "https://registry.yarnpkg.com/@exo-tech-xyz/validators/-/validators-0.21.5.tgz#79bf46d187901096aa6948ffe6db1118d9871250"
  integrity sha512-EKIZpjkF4fE76/ixNc+6pxV2VD9qXyV9iqpO2ecLP85cPMWo2HVjoRt9sEmiTOOAZ+VPERUtks8BeASY8KQCjg==
  dependencies:
    "@exo-tech-xyz/errors" "0.21.5"
    "@exo-tech-xyz/nodes" "0.21.5"
    "@exo-tech-xyz/visitors-core" "0.21.5"

"@exo-tech-xyz/visitors-core@0.21.5":
  version "0.21.5"
  resolved "https://registry.yarnpkg.com/@exo-tech-xyz/visitors-core/-/visitors-core-0.21.5.tgz#89c53711f3cdfd4a913e1523df2b1902ae771cd7"
  integrity sha512-dQ/AGBTNWw5WKCvc+RMarVPUjVip2i8Rg8MuBbpZG9ONy3QTgoPU3a3lvOLR/5aHSTZOKNe36bZzhTPQGP7uxg==
  dependencies:
    "@exo-tech-xyz/errors" "0.21.5"
    "@exo-tech-xyz/nodes" "0.21.5"
    json-stable-stringify "^1.1.1"

"@exo-tech-xyz/visitors@0.21.5":
  version "0.21.5"
  resolved "https://registry.yarnpkg.com/@exo-tech-xyz/visitors/-/visitors-0.21.5.tgz#d388fc56892e05e965743f9cc714b452e36596cd"
  integrity sha512-8tSRZTQLh7Xe0r1+ndt5tJofqyJEMx6iXUcdpoawj8zshXXMztSB0IedI0aOHT/tbp1056lE7I3t/UvLGE2AiA==
  dependencies:
    "@exo-tech-xyz/errors" "0.21.5"
    "@exo-tech-xyz/nodes" "0.21.5"
    "@exo-tech-xyz/visitors-core" "0.21.5"

"@kinobi-so/errors@0.21.5":
  version "0.21.5"
  resolved "https://registry.npmjs.org/@kinobi-so/errors/-/errors-0.21.5.tgz"
  integrity sha512-IqPMOe0qbmuBI8vux9HU+tvx+SaCVk32g5GnRvYxJh6OmpYOEuJRg02nT2XtYPeYWB2IFKJ1X2AnwTbEz9Vx8Q==
  dependencies:
    "@kinobi-so/node-types" "0.21.5"
    chalk "^5.3.0"
    commander "^12.1.0"

"@kinobi-so/node-types@0.21.5":
  version "0.21.5"
  resolved "https://registry.npmjs.org/@kinobi-so/node-types/-/node-types-0.21.5.tgz"
  integrity sha512-OKpk08+nTsO25xSZBT+PXpjx2FOHfn7jr0CbnQZ+ulfRa+dr3eSf7zSn+0ipKjG+FFWUUGpizgSkgpTQMjAqLA==

"@kinobi-so/nodes-from-anchor@^0.21.1", "@kinobi-so/nodes-from-anchor@0.21.3":
  version "0.21.3"
  resolved "https://registry.npmjs.org/@kinobi-so/nodes-from-anchor/-/nodes-from-anchor-0.21.3.tgz"
  integrity sha512-mar3UeJNx61k77NhucqYIwUXZvC0b6mhLYFksQY0Wz+gCFTWLr8exxB7KmgSycT+XuFNOydpYnEOeMa5lUywBQ==
  dependencies:
    "@kinobi-so/errors" "0.21.5"
    "@kinobi-so/nodes" "0.21.5"
    "@kinobi-so/visitors" "0.21.5"
    "@noble/hashes" "^1.5.0"

"@kinobi-so/nodes@0.21.5":
  version "0.21.5"
  resolved "https://registry.npmjs.org/@kinobi-so/nodes/-/nodes-0.21.5.tgz"
  integrity sha512-6iu9/GXrVs14olVeUAAw73BK2js7RGefVGHBDF6PKcvw6i0DlxhPkZiNOSpzweaeTmZsowHO7xEJKov0446fbQ==
  dependencies:
    "@kinobi-so/errors" "0.21.5"
    "@kinobi-so/node-types" "0.21.5"

"@kinobi-so/renderers-core@0.21.3":
  version "0.21.3"
  resolved "https://registry.npmjs.org/@kinobi-so/renderers-core/-/renderers-core-0.21.3.tgz"
  integrity sha512-Ow1x0IaRmUlqQUAFTQZpq56wpkB6YKdnpNmfjM8IS/ssgz2IG5Jw3LREvNLvdXwpp/eyjSYOsux2RDFJkERl0g==
  dependencies:
    "@kinobi-so/errors" "0.21.5"
    "@kinobi-so/nodes" "0.21.5"
    "@kinobi-so/visitors-core" "0.21.5"

"@kinobi-so/renderers-js-umi@^0.21.1", "@kinobi-so/renderers-js-umi@0.21.7":
  version "0.21.7"
  resolved "https://registry.npmjs.org/@kinobi-so/renderers-js-umi/-/renderers-js-umi-0.21.7.tgz"
  integrity sha512-OgM8L44jWYww7gnCSC7gSNPC+yWVEPCj/cffhDb1O1WfglpeQiHFiRUEnBc8GCGF8Oc6Azn2jjQlja8JNsqZmA==
  dependencies:
    "@kinobi-so/errors" "0.21.5"
    "@kinobi-so/nodes" "0.21.5"
    "@kinobi-so/renderers-core" "0.21.3"
    "@kinobi-so/validators" "0.21.5"
    "@kinobi-so/visitors-core" "0.21.5"
    "@solana/codecs-strings" rc
    nunjucks "^3.2.4"
    prettier "^3.3.3"

"@kinobi-so/renderers-js@0.21.9":
  version "0.21.9"
  resolved "https://registry.npmjs.org/@kinobi-so/renderers-js/-/renderers-js-0.21.9.tgz"
  integrity sha512-ZwN3UIYGZHu1V9TYsCPolVPdScR71r4PrLVVLsxixIxPBhdTMIgUbXK4OqHkzxaR5kn8Ssrvuq6+V2f7XFbVSg==
  dependencies:
    "@kinobi-so/errors" "0.21.5"
    "@kinobi-so/nodes" "0.21.5"
    "@kinobi-so/nodes-from-anchor" "0.21.3"
    "@kinobi-so/renderers-core" "0.21.3"
    "@kinobi-so/visitors-core" "0.21.5"
    "@solana/codecs-strings" rc
    nunjucks "^3.2.4"
    prettier "^3.3.3"

"@kinobi-so/renderers-rust@^0.21.1", "@kinobi-so/renderers-rust@0.21.8":
  version "0.21.8"
  resolved "https://registry.npmjs.org/@kinobi-so/renderers-rust/-/renderers-rust-0.21.8.tgz"
  integrity sha512-rjWK+hWnniAcfaVAPwgzom3LtXkGj4iZ/LPsm8LpgfSdTbXLT2HihVgyQGQDpSTDdVvGb4PuuX7A01Et3N7iog==
  dependencies:
    "@kinobi-so/errors" "0.21.5"
    "@kinobi-so/nodes" "0.21.5"
    "@kinobi-so/renderers-core" "0.21.3"
    "@kinobi-so/visitors-core" "0.21.5"
    "@solana/codecs-strings" rc
    nunjucks "^3.2.4"

"@kinobi-so/renderers@^0.21.1":
  version "0.21.5"
  resolved "https://registry.npmjs.org/@kinobi-so/renderers/-/renderers-0.21.5.tgz"
  integrity sha512-JwHaYEjx1l/nf302b2RoZv3TEsBDsE1u+sgEt+noC3WXjqHVJJkjZ7DTL6IBSgBerR9OwukraCN7RWK2XQVwgA==
  dependencies:
    "@kinobi-so/renderers-js" "0.21.9"
    "@kinobi-so/renderers-js-umi" "0.21.7"
    "@kinobi-so/renderers-rust" "0.21.8"

"@kinobi-so/validators@0.21.5":
  version "0.21.5"
  resolved "https://registry.npmjs.org/@kinobi-so/validators/-/validators-0.21.5.tgz"
  integrity sha512-JYZWHgma1TrnjhiUJn5/oYS9XfeirUBhwpuTPDRmRrSiHHv329gjWimzZO2uLAm5S5PgFyhLTz+S6jjxRsdNXg==
  dependencies:
    "@kinobi-so/errors" "0.21.5"
    "@kinobi-so/nodes" "0.21.5"
    "@kinobi-so/visitors-core" "0.21.5"

"@kinobi-so/visitors-core@0.21.5":
  version "0.21.5"
  resolved "https://registry.npmjs.org/@kinobi-so/visitors-core/-/visitors-core-0.21.5.tgz"
  integrity sha512-qNq9CcDh1P/A0BRR7zEdRpzeWL6ObAowMNWpkxZTT2BKqejK9oKWSh2/gzg6ehcn2Fn/J5DE8bnKZfAlEww95g==
  dependencies:
    "@kinobi-so/errors" "0.21.5"
    "@kinobi-so/nodes" "0.21.5"
    json-stable-stringify "^1.1.1"

"@kinobi-so/visitors@0.21.5":
  version "0.21.5"
  resolved "https://registry.npmjs.org/@kinobi-so/visitors/-/visitors-0.21.5.tgz"
  integrity sha512-RCJFaN1Q1f/MQW6PP3Oz0fgNXFVmfUEyErMzPM9CjBi1j2BJzTjff7IzEjbTpG7SbDY91eEyTDcl430ygcDBkA==
  dependencies:
    "@kinobi-so/errors" "0.21.5"
    "@kinobi-so/nodes" "0.21.5"
    "@kinobi-so/visitors-core" "0.21.5"

"@noble/hashes@^1.5.0":
  version "1.5.0"
  resolved "https://registry.npmjs.org/@noble/hashes/-/hashes-1.5.0.tgz"
  integrity sha512-1j6kQFb7QRru7eKN3ZDvRcP13rugwdxZqCjbiAVZfIJwgj2A65UmT4TgARXGlXgnRkORLTDTrO19ZErt7+QXgA==

"@solana/codecs-core@2.0.0-rc.3":
  version "2.0.0-rc.3"
  resolved "https://registry.npmjs.org/@solana/codecs-core/-/codecs-core-2.0.0-rc.3.tgz"
  integrity sha512-Z+KkHRHxxN/Ei4ujIxZeNiSuhioGSKnxNbswBvd/nNAv6Q9zi1DJMV2gIE1MKE/H6ZtrLCAiiHYBRtHpdAyndg==
  dependencies:
    "@solana/errors" "2.0.0-rc.3"

"@solana/codecs-numbers@2.0.0-rc.3":
  version "2.0.0-rc.3"
  resolved "https://registry.npmjs.org/@solana/codecs-numbers/-/codecs-numbers-2.0.0-rc.3.tgz"
  integrity sha512-ii05vAeZt5c5wbA8KLSLiV2WR5hHcnk1cp57UnjvIs2kX2oORXP0xKonK9AX0YxEc66ZnMBnE9e0wW28M4Bk/A==
  dependencies:
    "@solana/codecs-core" "2.0.0-rc.3"
    "@solana/errors" "2.0.0-rc.3"

"@solana/codecs-strings@rc":
  version "2.0.0-rc.3"
  resolved "https://registry.npmjs.org/@solana/codecs-strings/-/codecs-strings-2.0.0-rc.3.tgz"
  integrity sha512-eSYCPOEY1OARiP+i0ovrTyzRPlRVp8e8fmtGwSXKQoqvsdTJCWm80YVc6IeP8pIQD4KLO39Xae2WNq13e94CMg==
  dependencies:
    "@solana/codecs-core" "2.0.0-rc.3"
    "@solana/codecs-numbers" "2.0.0-rc.3"
    "@solana/errors" "2.0.0-rc.3"

"@solana/errors@2.0.0-rc.3":
  version "2.0.0-rc.3"
  resolved "https://registry.npmjs.org/@solana/errors/-/errors-2.0.0-rc.3.tgz"
  integrity sha512-bFEOfktu53RzZw9VVeFS+tHXmHEXD9KYtRu764Z4QxKe33RqwZgHiLh4MHvPska8BPN3VAw4azotF+KWVMGztw==
  dependencies:
    chalk "^5.3.0"
    commander "^12.1.0"

a-sync-waterfall@^1.0.0:
  version "1.0.1"
  resolved "https://registry.npmjs.org/a-sync-waterfall/-/a-sync-waterfall-1.0.1.tgz"
  integrity sha512-RYTOHHdWipFUliRFMCS4X2Yn2X8M87V/OpSqWzKKOGhzqyUxzyVmhHDH9sAvG+ZuQf/TAOFsLCpMw09I1ufUnA==

asap@^2.0.3:
  version "2.0.6"
  resolved "https://registry.npmjs.org/asap/-/asap-2.0.6.tgz"
  integrity sha512-BSHWgDSAiKs50o2Re8ppvp3seVHXSRM44cdSsT9FfNEUUZLOGWVCsiWaRPWM1Znn+mqZ1OfVZ3z3DWEzSp7hRA==

call-bind@^1.0.5:
  version "1.0.7"
  resolved "https://registry.npmjs.org/call-bind/-/call-bind-1.0.7.tgz"
  integrity sha512-GHTSNSYICQ7scH7sZ+M2rFopRoLh8t2bLSW6BbgrtLsahOIB5iyAVJf9GjWK3cYTDaMj4XdBpM1cA6pIS0Kv2w==
  dependencies:
    es-define-property "^1.0.0"
    es-errors "^1.3.0"
    function-bind "^1.1.2"
    get-intrinsic "^1.2.4"
    set-function-length "^1.2.1"

chalk@^5.3.0:
  version "5.3.0"
  resolved "https://registry.npmjs.org/chalk/-/chalk-5.3.0.tgz"
  integrity sha512-dLitG79d+GV1Nb/VYcCDFivJeK1hiukt9QjRNVOsUtTy1rR1YJsmpGGTZ3qJos+uw7WmWF4wUwBd9jxjocFC2w==

commander@^12.1.0:
  version "12.1.0"
  resolved "https://registry.npmjs.org/commander/-/commander-12.1.0.tgz"
  integrity sha512-Vw8qHK3bZM9y/P10u3Vib8o/DdkvA2OtPtZvD871QKjy74Wj1WSKFILMPRPSdUSx5RFK1arlJzEtA4PkFgnbuA==

commander@^5.1.0:
  version "5.1.0"
  resolved "https://registry.npmjs.org/commander/-/commander-5.1.0.tgz"
  integrity sha512-P0CysNDQ7rtVw4QIQtm+MRxV66vKFSvlsQvGYXZWR3qFU0jlMKHZZZgw8e+8DSah4UDKMqnknRDQz+xuQXQ/Zg==

corepack@^0.29.3:
  version "0.29.4"
  resolved "https://registry.npmjs.org/corepack/-/corepack-0.29.4.tgz"
  integrity sha512-0U36BmJQrEg14DeLkY/7GEuaUqpL4bt5Oe1OIPdRvepPQULZzp4jDDQqWFcbjJqTEMiQk92KmCUBpKSVtMqUxA==

define-data-property@^1.1.4:
  version "1.1.4"
  resolved "https://registry.npmjs.org/define-data-property/-/define-data-property-1.1.4.tgz"
  integrity sha512-rBMvIzlpA8v6E+SJZoo++HAYqsLrkg7MSfIinMPFhmkorw7X+dOXVJQs+QT69zGkzMyfDnIMN2Wid1+NbL3T+A==
  dependencies:
    es-define-property "^1.0.0"
    es-errors "^1.3.0"
    gopd "^1.0.1"

es-define-property@^1.0.0:
  version "1.0.0"
  resolved "https://registry.npmjs.org/es-define-property/-/es-define-property-1.0.0.tgz"
  integrity sha512-jxayLKShrEqqzJ0eumQbVhTYQM27CfT1T35+gCgDFoL82JLsXqTJ76zv6A0YLOgEnLUMvLzsDsGIrl8NFpT2gQ==
  dependencies:
    get-intrinsic "^1.2.4"

es-errors@^1.3.0:
  version "1.3.0"
  resolved "https://registry.npmjs.org/es-errors/-/es-errors-1.3.0.tgz"
  integrity sha512-Zf5H2Kxt2xjTvbJvP2ZWLEICxA6j+hAmMzIlypy4xcBg1vKVnx89Wy0GbS+kf5cwCVFFzdCFh2XSCFNULS6csw==

fastestsmallesttextencoderdecoder@^1.0.22:
  version "1.0.22"
  resolved "https://registry.npmjs.org/fastestsmallesttextencoderdecoder/-/fastestsmallesttextencoderdecoder-1.0.22.tgz"
  integrity sha512-Pb8d48e+oIuY4MaM64Cd7OW1gt4nxCHs7/ddPPZ/Ic3sg8yVGM7O9wDvZ7us6ScaUupzM+pfBolwtYhN1IxBIw==

function-bind@^1.1.2:
  version "1.1.2"
  resolved "https://registry.npmjs.org/function-bind/-/function-bind-1.1.2.tgz"
  integrity sha512-7XHNxH7qX9xG5mIwxkhumTox/MIRNcOgDrxWsMt2pAr23WHp6MrRlN7FBSFpCpr+oVO0F744iUgR82nJMfG2SA==

get-intrinsic@^1.1.3, get-intrinsic@^1.2.4:
  version "1.2.4"
  resolved "https://registry.npmjs.org/get-intrinsic/-/get-intrinsic-1.2.4.tgz"
  integrity sha512-5uYhsJH8VJBTv7oslg4BznJYhDoRI6waYCxMmCdnTrcCrHA/fCFKoTFz2JKKE0HdDFUF7/oQuhzumXJK7paBRQ==
  dependencies:
    es-errors "^1.3.0"
    function-bind "^1.1.2"
    has-proto "^1.0.1"
    has-symbols "^1.0.3"
    hasown "^2.0.0"

gopd@^1.0.1:
  version "1.0.1"
  resolved "https://registry.npmjs.org/gopd/-/gopd-1.0.1.tgz"
  integrity sha512-d65bNlIadxvpb/A2abVdlqKqV563juRnZ1Wtk6s1sIR8uNsXR70xqIzVqxVf1eTqDunwT2MkczEeaezCKTZhwA==
  dependencies:
    get-intrinsic "^1.1.3"

has-property-descriptors@^1.0.2:
  version "1.0.2"
  resolved "https://registry.npmjs.org/has-property-descriptors/-/has-property-descriptors-1.0.2.tgz"
  integrity sha512-55JNKuIW+vq4Ke1BjOTjM2YctQIvCT7GFzHwmfZPGo5wnrgkid0YQtnAleFSqumZm4az3n2BS+erby5ipJdgrg==
  dependencies:
    es-define-property "^1.0.0"

has-proto@^1.0.1:
  version "1.0.3"
  resolved "https://registry.npmjs.org/has-proto/-/has-proto-1.0.3.tgz"
  integrity sha512-SJ1amZAJUiZS+PhsVLf5tGydlaVB8EdFpaSO4gmiUKUOxk8qzn5AIy4ZeJUmh22znIdk/uMAUT2pl3FxzVUH+Q==

has-symbols@^1.0.3:
  version "1.0.3"
  resolved "https://registry.npmjs.org/has-symbols/-/has-symbols-1.0.3.tgz"
  integrity sha512-l3LCuF6MgDNwTDKkdYGEihYjt5pRPbEg46rtlmnSPlUbgmB8LOIrKJbYYFBSbnPaJexMKtiPO8hmeRjRz2Td+A==

hasown@^2.0.0:
  version "2.0.2"
  resolved "https://registry.npmjs.org/hasown/-/hasown-2.0.2.tgz"
  integrity sha512-0hJU9SCPvmMzIBdZFqNPXWa6dqh7WdH0cII9y+CyS8rG3nL48Bclra9HmKhVVUHyPWNH5Y7xDwAB7bfgSjkUMQ==
  dependencies:
    function-bind "^1.1.2"

isarray@^2.0.5:
  version "2.0.5"
  resolved "https://registry.npmjs.org/isarray/-/isarray-2.0.5.tgz"
  integrity sha512-xHjhDr3cNBK0BzdUJSPXZntQUx/mwMS5Rw4A7lPJ90XGAO6ISP/ePDNuo0vhqOZU+UD5JoodwCAAoZQd3FeAKw==

json-stable-stringify@^1.1.1:
  version "1.1.1"
  resolved "https://registry.npmjs.org/json-stable-stringify/-/json-stable-stringify-1.1.1.tgz"
  integrity sha512-SU/971Kt5qVQfJpyDveVhQ/vya+5hvrjClFOcr8c0Fq5aODJjMwutrOfCU+eCnVD5gpx1Q3fEqkyom77zH1iIg==
  dependencies:
    call-bind "^1.0.5"
    isarray "^2.0.5"
    jsonify "^0.0.1"
    object-keys "^1.1.1"

jsonify@^0.0.1:
  version "0.0.1"
  resolved "https://registry.npmjs.org/jsonify/-/jsonify-0.0.1.tgz"
  integrity sha512-2/Ki0GcmuqSrgFyelQq9M05y7PS0mEwuIzrf3f1fPqkVDVRvZrPZtVSMHxdgo8Aq0sxAOb/cr2aqqA3LeWHVPg==

kinobi@^0.21.1:
  version "0.21.5"
  resolved "https://registry.npmjs.org/kinobi/-/kinobi-0.21.5.tgz"
  integrity sha512-1xgN00od8x4tokR1Xuqv5Gbg0Iqo9bzrEvA9o2rm63vXqoW7/C+TN1voPhj1SQE4h2VmpfM3MD1clTUvJK0J2g==
  dependencies:
    "@kinobi-so/errors" "0.21.5"
    "@kinobi-so/nodes" "0.21.5"
    "@kinobi-so/validators" "0.21.5"
    "@kinobi-so/visitors" "0.21.5"

nunjucks@^3.2.4:
  version "3.2.4"
  resolved "https://registry.npmjs.org/nunjucks/-/nunjucks-3.2.4.tgz"
  integrity sha512-26XRV6BhkgK0VOxfbU5cQI+ICFUtMLixv1noZn1tGU38kQH5A5nmmbk/O45xdyBhD1esk47nKrY0mvQpZIhRjQ==
  dependencies:
    a-sync-waterfall "^1.0.0"
    asap "^2.0.3"
    commander "^5.1.0"

object-keys@^1.1.1:
  version "1.1.1"
  resolved "https://registry.npmjs.org/object-keys/-/object-keys-1.1.1.tgz"
  integrity sha512-NuAESUOUMrlIXOfHKzD6bpPu3tYt3xvjNdRIQ+FeT0lNb4K8WR70CaDxhuNguS2XG+GjkyMwOzsN5ZktImfhLA==

prettier@^3.3.3:
  version "3.3.3"
  resolved "https://registry.npmjs.org/prettier/-/prettier-3.3.3.tgz"
  integrity sha512-i2tDNA0O5IrMO757lfrdQZCc2jPNDVntV0m/+4whiDfWaTKfMNgR7Qz0NAeGz/nRqF4m5/6CLzbP4/liHt12Ew==

set-function-length@^1.2.1:
  version "1.2.2"
  resolved "https://registry.npmjs.org/set-function-length/-/set-function-length-1.2.2.tgz"
  integrity sha512-pgRc4hJ4/sNjWCSS9AmnS40x3bNMDTknHgL5UaMBTMyJnU90EgWh1Rz+MC9eFu4BuN/UwZjKQuY/1v3rM7HMfg==
  dependencies:
    define-data-property "^1.1.4"
    es-errors "^1.3.0"
    function-bind "^1.1.2"
    get-intrinsic "^1.2.4"
    gopd "^1.0.1"
    has-property-descriptors "^1.0.2"

typescript@>=5:
  version "5.7.3"
  resolved "https://registry.npmjs.org/typescript/-/typescript-5.7.3.tgz"
  integrity sha512-84MVSjMEHP+FQRPy3pX9sTVV/INIex71s9TL2Gm5FG/WG1SqXeKyZ0k7/blY/4FdOzI12CBy1vGc4og/eus0fw==

yarn@2.4.3:
  version "2.4.3"
  resolved "https://registry.npmjs.org/yarn/-/yarn-2.4.3.tgz"
  integrity sha512-HQ8VJL8v1Tlq+VVzcohmYw7dHtZ6VUB4/b2oHRGQc6Xv00AQjVk4C6cyqu4iHRI4esfgIi8S9doOm1d3Z3MlPA==
